
Microsoft Visual Studio Solution File, Format Version 12.00
# Visual Studio Version 17
VisualStudioVersion = 17.1.32328.378
MinimumVisualStudioVersion = 10.0.40219.1
Project("{9A19103F-16F7-4668-BE54-9A1E7A4F7556}") = "e6502UnitTests", "e6502UnitTests\e6502UnitTests.csproj", "{2D9AAD34-487F-4EFD-A658-2605B0AB592E}"
EndProject
Project("{9A19103F-16F7-4668-BE54-9A1E7A4F7556}") = "e6502", "e6502\e6502.csproj", "{C2B38D44-82BF-4E1B-B34E-422658883399}"
EndProject
Project("{FAE04EC0-301F-11D3-BF4B-00C04F79EFBC}") = "e6502Debugger", "e6502Debugger\e6502Debugger.csproj", "{8D9F0F83-9E85-4F7C-AB34-6B253F60B1E5}"
EndProject
Global
	GlobalSection(SolutionConfigurationPlatforms) = preSolution
		Debug|Any CPU = Debug|Any CPU
		Release|Any CPU = Release|Any CPU
	EndGlobalSection
	GlobalSection(ProjectConfigurationPlatforms) = postSolution
		{2D9AAD34-487F-4EFD-A658-2605B0AB592E}.Debug|Any CPU.ActiveCfg = Debug|Any CPU
		{2D9AAD34-487F-4EFD-A658-2605B0AB592E}.Debug|Any CPU.Build.0 = Debug|Any CPU
		{2D9AAD34-487F-4EFD-A658-2605B0AB592E}.Release|Any CPU.ActiveCfg = Release|Any CPU
		{C2B38D44-82BF-4E1B-B34E-422658883399}.Debug|Any CPU.ActiveCfg = Debug|Any CPU
		{C2B38D44-82BF-4E1B-B34E-422658883399}.Debug|Any CPU.Build.0 = Debug|Any CPU
		{C2B38D44-82BF-4E1B-B34E-422658883399}.Release|Any CPU.ActiveCfg = Release|Any CPU
		{C2B38D44-82BF-4E1B-B34E-422658883399}.Release|Any CPU.Build.0 = Release|Any CPU
		{8D9F0F83-9E85-4F7C-AB34-6B253F60B1E5}.Debug|Any CPU.ActiveCfg = Debug|Any CPU
		{8D9F0F83-9E85-4F7C-AB34-6B253F60B1E5}.Debug|Any CPU.Build.0 = Debug|Any CPU
		{8D9F0F83-9E85-4F7C-AB34-6B253F60B1E5}.Release|Any CPU.ActiveCfg = Release|Any CPU
	EndGlobalSection
	GlobalSection(SolutionProperties) = preSolution
		HideSolutionNode = FALSE
	EndGlobalSection
	GlobalSection(ExtensibilityGlobals) = postSolution
		SolutionGuid = {D3DF5991-7000-4B19-A55E-6884537A153C}
	EndGlobalSection
EndGlobal
